{"filter":false,"title":"Gemfile.lock","tooltip":"/Gemfile.lock","undoManager":{"mark":-1,"position":-1,"stack":[]},"ace":{"folds":[],"scrolltop":87,"scrollleft":0,"selection":{"start":{"row":17,"column":21},"end":{"row":17,"column":21},"isBackwards":false},"options":{"guessTabSize":true,"useWrapMode":false,"wrapToView":true},"firstLineState":{"row":9,"state":"start","mode":"ace/mode/text"}},"timestamp":1468042743855,"hash":"781a4499bb0daa40c7cd1ace54b43dbb279dc02a"}